
Microsoft Visual Studio Solution File, Format Version 12.00
Project("{FAE04EC0-301F-11D3-BF4B-00C04F79EFBC}") = "HelloAwsMessaging.ApiGateway", "HelloAwsMessaging.ApiGateway\HelloAwsMessaging.ApiGateway.csproj", "{69DCBB41-77A5-47A1-A275-A11013F3C887}"
EndProject
Project("{FAE04EC0-301F-11D3-BF4B-00C04F79EFBC}") = "HelloAwsMessaging.ConsoleTester", "HelloAwsMessaging.ConsoleTester\HelloAwsMessaging.ConsoleTester.csproj", "{794DC4B1-3218-466F-8BEC-D24AD666711A}"
EndProject
Project("{FAE04EC0-301F-11D3-BF4B-00C04F79EFBC}") = "HelloAwsMessaging.SqsToSns", "HelloAwsMessaging.SqsToSns\HelloAwsMessaging.SqsToSns.csproj", "{15E62F05-796E-4CCD-A6A7-CDF6E874B29A}"
EndProject
Project("{FAE04EC0-301F-11D3-BF4B-00C04F79EFBC}") = "HelloAwsMessaging.SnsToKinesis", "HelloAwsMessaging.SnsToKinesis\HelloAwsMessaging.SnsToKinesis.csproj", "{11577E91-D641-4729-9409-C9BF107A7385}"
EndProject
Project("{2150E333-8FDC-42A3-9474-1A3956D46DE8}") = "Tests", "Tests", "{A6A5CC10-CD0D-481D-88B4-B2CB2F975753}"
EndProject
Global
	GlobalSection(SolutionConfigurationPlatforms) = preSolution
		Debug|Any CPU = Debug|Any CPU
		Release|Any CPU = Release|Any CPU
	EndGlobalSection
	GlobalSection(ProjectConfigurationPlatforms) = postSolution
		{69DCBB41-77A5-47A1-A275-A11013F3C887}.Debug|Any CPU.ActiveCfg = Debug|Any CPU
		{69DCBB41-77A5-47A1-A275-A11013F3C887}.Debug|Any CPU.Build.0 = Debug|Any CPU
		{69DCBB41-77A5-47A1-A275-A11013F3C887}.Release|Any CPU.ActiveCfg = Release|Any CPU
		{69DCBB41-77A5-47A1-A275-A11013F3C887}.Release|Any CPU.Build.0 = Release|Any CPU
		{794DC4B1-3218-466F-8BEC-D24AD666711A}.Debug|Any CPU.ActiveCfg = Debug|Any CPU
		{794DC4B1-3218-466F-8BEC-D24AD666711A}.Debug|Any CPU.Build.0 = Debug|Any CPU
		{794DC4B1-3218-466F-8BEC-D24AD666711A}.Release|Any CPU.ActiveCfg = Release|Any CPU
		{794DC4B1-3218-466F-8BEC-D24AD666711A}.Release|Any CPU.Build.0 = Release|Any CPU
		{15E62F05-796E-4CCD-A6A7-CDF6E874B29A}.Debug|Any CPU.ActiveCfg = Debug|Any CPU
		{15E62F05-796E-4CCD-A6A7-CDF6E874B29A}.Debug|Any CPU.Build.0 = Debug|Any CPU
		{15E62F05-796E-4CCD-A6A7-CDF6E874B29A}.Release|Any CPU.ActiveCfg = Release|Any CPU
		{15E62F05-796E-4CCD-A6A7-CDF6E874B29A}.Release|Any CPU.Build.0 = Release|Any CPU
		{11577E91-D641-4729-9409-C9BF107A7385}.Debug|Any CPU.ActiveCfg = Debug|Any CPU
		{11577E91-D641-4729-9409-C9BF107A7385}.Debug|Any CPU.Build.0 = Debug|Any CPU
		{11577E91-D641-4729-9409-C9BF107A7385}.Release|Any CPU.ActiveCfg = Release|Any CPU
		{11577E91-D641-4729-9409-C9BF107A7385}.Release|Any CPU.Build.0 = Release|Any CPU
	EndGlobalSection
	GlobalSection(NestedProjects) = preSolution
		{794DC4B1-3218-466F-8BEC-D24AD666711A} = {A6A5CC10-CD0D-481D-88B4-B2CB2F975753}
	EndGlobalSection
EndGlobal
